{
  "version": 4,
  "terraform_version": "0.13.5",
  "serial": 14,
  "lineage": "cf1b1e42-2db8-2750-ad37-71fa8713fb60",
  "outputs": {
    "ip": {
      "value": "54.166.172.29",
      "type": "string"
    }
  },
  "resources": [
    {
      "mode": "managed",
      "type": "aws_instance",
      "name": "win-mario",
      "provider": "provider[\"registry.terraform.io/hashicorp/aws\"]",
      "instances": [
        {
          "schema_version": 1,
          "attributes": {
            "ami": "ami-0f93c815788872c5d",
            "arn": "arn:aws:ec2:us-east-1:284557896202:instance/i-0d5c273ef072dee84",
            "associate_public_ip_address": true,
            "availability_zone": "us-east-1e",
            "cpu_core_count": 1,
            "cpu_threads_per_core": 1,
            "credit_specification": [
              {
                "cpu_credits": "standard"
              }
            ],
            "disable_api_termination": false,
            "ebs_block_device": [],
            "ebs_optimized": false,
            "enclave_options": [
              {
                "enabled": false
              }
            ],
            "ephemeral_block_device": [],
            "get_password_data": false,
            "hibernation": false,
            "host_id": null,
            "iam_instance_profile": "",
            "id": "i-0d5c273ef072dee84",
            "instance_initiated_shutdown_behavior": null,
            "instance_state": "running",
            "instance_type": "t2.micro",
            "ipv6_address_count": 0,
            "ipv6_addresses": [],
            "key_name": "ah-devops",
            "metadata_options": [
              {
                "http_endpoint": "enabled",
                "http_put_response_hop_limit": 1,
                "http_tokens": "optional"
              }
            ],
            "monitoring": false,
            "network_interface": [],
            "outpost_arn": "",
            "password_data": "",
            "placement_group": "",
            "primary_network_interface_id": "eni-0053b8de0bdae91ad",
            "private_dns": "ip-172-31-39-211.ec2.internal",
            "private_ip": "172.31.39.211",
            "public_dns": "ec2-54-166-172-29.compute-1.amazonaws.com",
            "public_ip": "54.166.172.29",
            "root_block_device": [
              {
                "delete_on_termination": true,
                "device_name": "/dev/sda1",
                "encrypted": false,
                "iops": 100,
                "kms_key_id": "",
                "tags": {},
                "throughput": 0,
                "volume_id": "vol-03c6882ea8528b766",
                "volume_size": 30,
                "volume_type": "gp2"
              }
            ],
            "secondary_private_ips": [],
            "security_groups": [
              "default"
            ],
            "source_dest_check": true,
            "subnet_id": "subnet-1e648f22",
            "tags": {
              "Name": "Mario Alcantar Win_AD_terraform"
            },
            "tenancy": "default",
            "timeouts": null,
            "user_data": null,
            "user_data_base64": null,
            "volume_tags": null,
            "vpc_security_group_ids": [
              "sg-18501162"
            ]
          },
          "private": "eyJlMmJmYjczMC1lY2FhLTExZTYtOGY4OC0zNDM2M2JjN2M0YzAiOnsiY3JlYXRlIjo2MDAwMDAwMDAwMDAsImRlbGV0ZSI6MTIwMDAwMDAwMDAwMCwidXBkYXRlIjo2MDAwMDAwMDAwMDB9LCJzY2hlbWFfdmVyc2lvbiI6IjEifQ==",
          "dependencies": [
            "aws_key_pair.mykey"
          ]
        }
      ]
    },
    {
      "mode": "managed",
      "type": "aws_key_pair",
      "name": "mykey",
      "provider": "provider[\"registry.terraform.io/hashicorp/aws\"]",
      "instances": [
        {
          "schema_version": 1,
          "attributes": {
            "arn": "arn:aws:ec2:us-east-1:284557896202:key-pair/ah-devops",
            "fingerprint": "cd:2a:3e:91:bb:cf:6c:3a:f9:eb:d2:3c:35:bb:28:47",
            "id": "ah-devops",
            "key_name": "ah-devops",
            "key_name_prefix": null,
            "key_pair_id": "key-0d526672811001bb3",
            "public_key": "ssh-rsa AAAAB3NzaC1yc2EAAAADAQABAAACAQC4UHK9MUiVfyOK7PQyuxKYk4btzJzPDuMxzZg0TTbxjrkR4dckYuRThONSrdtoJhBNf9O20p1zvK73ApTUgtw+MFBDorXJ+DlOma0aNOCi6AZHvvuGZsVy+kug/JfU8ChYV1BQ1yQYttdODvTAAbjceAnhIQCnmXjlr+2hcmo1nyw6/t8atJjgFUuBpb8VKsckQAcFLbQmd33OHuiT7aY458QeOTodk5qVqxCreT8YqVej2gnpNBjga43enHQoKsxRVhGenvA11KlQ8SYRv6XzxVdkZ985bg1z/Fnw7OPEwFxi/KcxFXgVckpDj+1J/eFHJxHh4fRhRKnZ/PrGgPhu1rVpiwDioudpIpnTduKdAHGI3VvMbA4irmDkmOENK/1rvQ2VwHl8oVk+hyD70D2m8QdVyOYH5zt9kCtUIpgzuUxcVm2xfKeMC7HqtJkkxTbDINSXUkBMlL01VKZCTrYyLat5PyxH+1jDYKEJDFxisI66vyPrCApciMpoJGoPusKImaZ5vNqXXl/M6v9otaLnM/nbRphUDEvGSMbX7fACHDokU7L26G0T8l9FW/fStKpLo+MtO1P+GY1zkmHcCfqFUyDzHepYLUhhxzTgo9f6TnGyKkNOjfU56lWE5BxefTwrPP/dQ53RHBBdmfX0wbsDaQsu/sLNJWfjwkzy2YGfQw== camario25@yahoo.com",
            "tags": null
          },
          "private": "eyJzY2hlbWFfdmVyc2lvbiI6IjEifQ=="
        }
      ]
    }
  ]
}
